
Microsoft Visual Studio Solution File, Format Version 12.00
# Visual Studio Version 16
VisualStudioVersion = 16.0.34031.81
MinimumVisualStudioVersion = 10.0.40219.1
Project("{8BC9CEB8-8B4A-11D0-8D11-00A0C91BC942}") = "lab7.2it", "lab7.2it\lab7.2it.vcxproj", "{B7730DBD-E1EE-43BA-A7ED-D00D5B1B48F3}"
EndProject
Project("{8BC9CEB8-8B4A-11D0-8D11-00A0C91BC942}") = "UnitTest7,2іт", "UnitTest7,2іт\UnitTest7,2іт.vcxproj", "{59C33255-F4A3-4381-B826-7AE6785D67F2}"
EndProject
Global
	GlobalSection(SolutionConfigurationPlatforms) = preSolution
		Debug|x64 = Debug|x64
		Debug|x86 = Debug|x86
		Release|x64 = Release|x64
		Release|x86 = Release|x86
	EndGlobalSection
	GlobalSection(ProjectConfigurationPlatforms) = postSolution
		{B7730DBD-E1EE-43BA-A7ED-D00D5B1B48F3}.Debug|x64.ActiveCfg = Debug|x64
		{B7730DBD-E1EE-43BA-A7ED-D00D5B1B48F3}.Debug|x64.Build.0 = Debug|x64
		{B7730DBD-E1EE-43BA-A7ED-D00D5B1B48F3}.Debug|x86.ActiveCfg = Debug|Win32
		{B7730DBD-E1EE-43BA-A7ED-D00D5B1B48F3}.Debug|x86.Build.0 = Debug|Win32
		{B7730DBD-E1EE-43BA-A7ED-D00D5B1B48F3}.Release|x64.ActiveCfg = Release|x64
		{B7730DBD-E1EE-43BA-A7ED-D00D5B1B48F3}.Release|x64.Build.0 = Release|x64
		{B7730DBD-E1EE-43BA-A7ED-D00D5B1B48F3}.Release|x86.ActiveCfg = Release|Win32
		{B7730DBD-E1EE-43BA-A7ED-D00D5B1B48F3}.Release|x86.Build.0 = Release|Win32
		{59C33255-F4A3-4381-B826-7AE6785D67F2}.Debug|x64.ActiveCfg = Debug|x64
		{59C33255-F4A3-4381-B826-7AE6785D67F2}.Debug|x64.Build.0 = Debug|x64
		{59C33255-F4A3-4381-B826-7AE6785D67F2}.Debug|x86.ActiveCfg = Debug|Win32
		{59C33255-F4A3-4381-B826-7AE6785D67F2}.Debug|x86.Build.0 = Debug|Win32
		{59C33255-F4A3-4381-B826-7AE6785D67F2}.Release|x64.ActiveCfg = Release|x64
		{59C33255-F4A3-4381-B826-7AE6785D67F2}.Release|x64.Build.0 = Release|x64
		{59C33255-F4A3-4381-B826-7AE6785D67F2}.Release|x86.ActiveCfg = Release|Win32
		{59C33255-F4A3-4381-B826-7AE6785D67F2}.Release|x86.Build.0 = Release|Win32
	EndGlobalSection
	GlobalSection(SolutionProperties) = preSolution
		HideSolutionNode = FALSE
	EndGlobalSection
	GlobalSection(ExtensibilityGlobals) = postSolution
		SolutionGuid = {AE486B7B-B5A8-44FD-A8C1-A3601C297657}
	EndGlobalSection
EndGlobal
